
Microsoft Visual Studio Solution File, Format Version 12.00
# Visual Studio Version 17
VisualStudioVersion = 17.1.32210.238
MinimumVisualStudioVersion = 10.0.40219.1
Project("{F184B08F-C81C-45F6-A57F-5ABD9991F28F}") = "final_system_VB", "Visual_basic_prototype\final_system_VB.vbproj", "{14D66721-6251-4FF4-80F5-618CB197C38E}"
EndProject
Global
	GlobalSection(SolutionConfigurationPlatforms) = preSolution
		Debug|Any CPU = Debug|Any CPU
		Debug|x64 = Debug|x64
		Release|Any CPU = Release|Any CPU
		Release|x64 = Release|x64
	EndGlobalSection
	GlobalSection(ProjectConfigurationPlatforms) = postSolution
		{14D66721-6251-4FF4-80F5-618CB197C38E}.Debug|Any CPU.ActiveCfg = Debug|Any CPU
		{14D66721-6251-4FF4-80F5-618CB197C38E}.Debug|Any CPU.Build.0 = Debug|Any CPU
		{14D66721-6251-4FF4-80F5-618CB197C38E}.Debug|x64.ActiveCfg = Debug|x64
		{14D66721-6251-4FF4-80F5-618CB197C38E}.Debug|x64.Build.0 = Debug|x64
		{14D66721-6251-4FF4-80F5-618CB197C38E}.Release|Any CPU.ActiveCfg = Release|Any CPU
		{14D66721-6251-4FF4-80F5-618CB197C38E}.Release|Any CPU.Build.0 = Release|Any CPU
		{14D66721-6251-4FF4-80F5-618CB197C38E}.Release|x64.ActiveCfg = Release|x64
		{14D66721-6251-4FF4-80F5-618CB197C38E}.Release|x64.Build.0 = Release|x64
	EndGlobalSection
	GlobalSection(SolutionProperties) = preSolution
		HideSolutionNode = FALSE
	EndGlobalSection
	GlobalSection(ExtensibilityGlobals) = postSolution
		SolutionGuid = {7F6E4BDB-BEE1-4889-8773-692E9C3DC61A}
	EndGlobalSection
EndGlobal
